{
    "_readme": [
        "This file locks the dependencies of your project to a known state",
        "Read more about it at https://getcomposer.org/doc/01-basic-usage.md#installing-dependencies",
        "This file is @generated automatically"
    ],
    "content-hash": "0c38badb75e141109533c171bf2a97f4",
    "packages": [
        {
            "name": "romainnorberg/residue",
            "version": "v0.3.2",
            "source": {
                "type": "git",
                "url": "https://github.com/romainnorberg/residue.git",
                "reference": "51dde47f7277b617a893cac7f2b85b683dd17e46"
            },
            "dist": {
                "type": "zip",
                "url": "https://api.github.com/repos/romainnorberg/residue/zipball/51dde47f7277b617a893cac7f2b85b683dd17e46",
                "reference": "51dde47f7277b617a893cac7f2b85b683dd17e46",
                "shasum": ""
            },
            "require": {
                "php": "^7.4"
            },
            "require-dev": {
                "friendsofphp/php-cs-fixer": "^2.16",
                "phpstan/phpstan": "^0.12.49",
                "phpunit/phpunit": "^8.0",
                "spatie/phpunit-watcher": "^1.22"
            },
            "type": "library",
            "autoload": {
                "psr-4": {
                    "Romainnorberg\\Residue\\": "src"
                }
            },
            "notification-url": "https://packagist.org/downloads/",
            "license": [
                "MIT"
            ],
            "authors": [
                {
                    "name": "Romain Norberg",
                    "email": "romainnorberg@gmail.com",
                    "role": "Maintainer, Owner, Developer"
                },
                {
                    "name": "Mocking Magician",
                    "email": "moreau.marc.web@gmail.com",
                    "homepage": "https://github.com/MockingMagician",
                    "role": "Developer"
                }
            ],
            "description": "Divide a float into several parts, with distribution of any remainder",
            "keywords": [
                "php",
                "residue",
                "split"
            ],
            "funding": [
                {
                    "url": "https://github.com/romainnorberg",
                    "type": "github"
                }
            ],
            "time": "2020-10-18T13:36:04+00:00"
        }
    ],
    "packages-dev": [],
    "aliases": [],
    "minimum-stability": "stable",
    "stability-flags": [],
    "prefer-stable": false,
    "prefer-lowest": false,
    "platform": [],
    "platform-dev": [],
    "plugin-api-version": "1.1.0"
}
